
Microsoft Visual Studio Solution File, Format Version 12.00
# Visual Studio Version 17
VisualStudioVersion = 17.7.34221.43
MinimumVisualStudioVersion = 10.0.40219.1
Project("{FAE04EC0-301F-11D3-BF4B-00C04F79EFBC}") = "WpfApp1", "WpfApp1\WpfApp1.csproj", "{EE085B56-717F-4D46-AA96-0CE00E52094A}"
EndProject
Global
	GlobalSection(SolutionConfigurationPlatforms) = preSolution
		Debug|Any CPU = Debug|Any CPU
		Release|Any CPU = Release|Any CPU
	EndGlobalSection
	GlobalSection(ProjectConfigurationPlatforms) = postSolution
		{EE085B56-717F-4D46-AA96-0CE00E52094A}.Debug|Any CPU.ActiveCfg = Debug|Any CPU
		{EE085B56-717F-4D46-AA96-0CE00E52094A}.Debug|Any CPU.Build.0 = Debug|Any CPU
		{EE085B56-717F-4D46-AA96-0CE00E52094A}.Release|Any CPU.ActiveCfg = Release|Any CPU
		{EE085B56-717F-4D46-AA96-0CE00E52094A}.Release|Any CPU.Build.0 = Release|Any CPU
	EndGlobalSection
	GlobalSection(SolutionProperties) = preSolution
		HideSolutionNode = FALSE
	EndGlobalSection
	GlobalSection(ExtensibilityGlobals) = postSolution
		SolutionGuid = {C4EAE8D5-EDB2-446C-B264-DBC91E042664}
	EndGlobalSection
EndGlobal
